
Microsoft Visual Studio Solution File, Format Version 12.00
# Visual Studio Version 16
VisualStudioVersion = 16.0.29319.158
MinimumVisualStudioVersion = 15.0.26124.0
Project("{9A19103F-16F7-4668-BE54-9A1E7A4F7556}") = "BlazorServer", "src\BlazorServer\BlazorServer.csproj", "{92528385-E99B-41CC-869D-7813DB023644}"
EndProject
Project("{2150E333-8FDC-42A3-9474-1A3956D46DE8}") = "3", "3", "{4AC731D9-CAC4-4CEE-BAF2-1DDFB0D31722}"
EndProject
Project("{9A19103F-16F7-4668-BE54-9A1E7A4F7556}") = "BlazorWebAssembly", "src\BlazorWebAssembly\BlazorWebAssembly.csproj", "{626CB0F2-6C75-4BA7-ADB6-3EE97C20042D}"
EndProject
Project("{2150E333-8FDC-42A3-9474-1A3956D46DE8}") = "1", "1", "{887EB550-8CB3-4F2E-8DAD-7EC2BF239625}"
EndProject
Project("{9A19103F-16F7-4668-BE54-9A1E7A4F7556}") = "BlazorWebAssemblyHosted.Client", "src\BlazorWebAssemblyHosted\Client\BlazorWebAssemblyHosted.Client.csproj", "{BA766258-863E-46A0-8B8E-FA2590ED92DD}"
EndProject
Project("{9A19103F-16F7-4668-BE54-9A1E7A4F7556}") = "BlazorWebAssemblyHosted.Server", "src\BlazorWebAssemblyHosted\Server\BlazorWebAssemblyHosted.Server.csproj", "{9CA63EC2-C733-46DA-B289-F965D979221C}"
EndProject
Project("{9A19103F-16F7-4668-BE54-9A1E7A4F7556}") = "BlazorWebAssemblyHosted.Shared", "src\BlazorWebAssemblyHosted\Shared\BlazorWebAssemblyHosted.Shared.csproj", "{B4A0D992-A795-496D-AB80-EB2E961C2640}"
EndProject
Project("{2150E333-8FDC-42A3-9474-1A3956D46DE8}") = "2", "2", "{A78B38E2-2332-4B9E-BE73-6CF4A85EC857}"
EndProject
Project("{2150E333-8FDC-42A3-9474-1A3956D46DE8}") = "4", "4", "{5EE46100-CDE9-40FD-B8F0-A2B137D03929}"
EndProject
Project("{9A19103F-16F7-4668-BE54-9A1E7A4F7556}") = "BlazorWasm", "src\CodeSharingWithBlazor\BlazorWasm\BlazorWasm.csproj", "{C7805545-978B-4994-A00C-3906834504E4}"
EndProject
Project("{9A19103F-16F7-4668-BE54-9A1E7A4F7556}") = "BlazorServer", "src\CodeSharingWithBlazor\BlazorServer\BlazorServer.csproj", "{598E350B-E528-4FEB-A752-EBC58F9641C5}"
EndProject
Project("{9A19103F-16F7-4668-BE54-9A1E7A4F7556}") = "BlazorCore", "src\CodeSharingWithBlazor\BlazorCore\BlazorCore.csproj", "{B7C4A218-097F-4E50-888F-1AE3B137248D}"
EndProject
Global
	GlobalSection(SolutionConfigurationPlatforms) = preSolution
		Debug|Any CPU = Debug|Any CPU
		Debug|x64 = Debug|x64
		Debug|x86 = Debug|x86
		Release|Any CPU = Release|Any CPU
		Release|x64 = Release|x64
		Release|x86 = Release|x86
	EndGlobalSection
	GlobalSection(ProjectConfigurationPlatforms) = postSolution
		{92528385-E99B-41CC-869D-7813DB023644}.Debug|Any CPU.ActiveCfg = Debug|Any CPU
		{92528385-E99B-41CC-869D-7813DB023644}.Debug|Any CPU.Build.0 = Debug|Any CPU
		{92528385-E99B-41CC-869D-7813DB023644}.Debug|x64.ActiveCfg = Debug|Any CPU
		{92528385-E99B-41CC-869D-7813DB023644}.Debug|x64.Build.0 = Debug|Any CPU
		{92528385-E99B-41CC-869D-7813DB023644}.Debug|x86.ActiveCfg = Debug|Any CPU
		{92528385-E99B-41CC-869D-7813DB023644}.Debug|x86.Build.0 = Debug|Any CPU
		{92528385-E99B-41CC-869D-7813DB023644}.Release|Any CPU.ActiveCfg = Release|Any CPU
		{92528385-E99B-41CC-869D-7813DB023644}.Release|Any CPU.Build.0 = Release|Any CPU
		{92528385-E99B-41CC-869D-7813DB023644}.Release|x64.ActiveCfg = Release|Any CPU
		{92528385-E99B-41CC-869D-7813DB023644}.Release|x64.Build.0 = Release|Any CPU
		{92528385-E99B-41CC-869D-7813DB023644}.Release|x86.ActiveCfg = Release|Any CPU
		{92528385-E99B-41CC-869D-7813DB023644}.Release|x86.Build.0 = Release|Any CPU
		{626CB0F2-6C75-4BA7-ADB6-3EE97C20042D}.Debug|Any CPU.ActiveCfg = Debug|Any CPU
		{626CB0F2-6C75-4BA7-ADB6-3EE97C20042D}.Debug|Any CPU.Build.0 = Debug|Any CPU
		{626CB0F2-6C75-4BA7-ADB6-3EE97C20042D}.Debug|x64.ActiveCfg = Debug|Any CPU
		{626CB0F2-6C75-4BA7-ADB6-3EE97C20042D}.Debug|x64.Build.0 = Debug|Any CPU
		{626CB0F2-6C75-4BA7-ADB6-3EE97C20042D}.Debug|x86.ActiveCfg = Debug|Any CPU
		{626CB0F2-6C75-4BA7-ADB6-3EE97C20042D}.Debug|x86.Build.0 = Debug|Any CPU
		{626CB0F2-6C75-4BA7-ADB6-3EE97C20042D}.Release|Any CPU.ActiveCfg = Release|Any CPU
		{626CB0F2-6C75-4BA7-ADB6-3EE97C20042D}.Release|Any CPU.Build.0 = Release|Any CPU
		{626CB0F2-6C75-4BA7-ADB6-3EE97C20042D}.Release|x64.ActiveCfg = Release|Any CPU
		{626CB0F2-6C75-4BA7-ADB6-3EE97C20042D}.Release|x64.Build.0 = Release|Any CPU
		{626CB0F2-6C75-4BA7-ADB6-3EE97C20042D}.Release|x86.ActiveCfg = Release|Any CPU
		{626CB0F2-6C75-4BA7-ADB6-3EE97C20042D}.Release|x86.Build.0 = Release|Any CPU
		{BA766258-863E-46A0-8B8E-FA2590ED92DD}.Debug|Any CPU.ActiveCfg = Debug|Any CPU
		{BA766258-863E-46A0-8B8E-FA2590ED92DD}.Debug|Any CPU.Build.0 = Debug|Any CPU
		{BA766258-863E-46A0-8B8E-FA2590ED92DD}.Debug|x64.ActiveCfg = Debug|Any CPU
		{BA766258-863E-46A0-8B8E-FA2590ED92DD}.Debug|x64.Build.0 = Debug|Any CPU
		{BA766258-863E-46A0-8B8E-FA2590ED92DD}.Debug|x86.ActiveCfg = Debug|Any CPU
		{BA766258-863E-46A0-8B8E-FA2590ED92DD}.Debug|x86.Build.0 = Debug|Any CPU
		{BA766258-863E-46A0-8B8E-FA2590ED92DD}.Release|Any CPU.ActiveCfg = Release|Any CPU
		{BA766258-863E-46A0-8B8E-FA2590ED92DD}.Release|Any CPU.Build.0 = Release|Any CPU
		{BA766258-863E-46A0-8B8E-FA2590ED92DD}.Release|x64.ActiveCfg = Release|Any CPU
		{BA766258-863E-46A0-8B8E-FA2590ED92DD}.Release|x64.Build.0 = Release|Any CPU
		{BA766258-863E-46A0-8B8E-FA2590ED92DD}.Release|x86.ActiveCfg = Release|Any CPU
		{BA766258-863E-46A0-8B8E-FA2590ED92DD}.Release|x86.Build.0 = Release|Any CPU
		{9CA63EC2-C733-46DA-B289-F965D979221C}.Debug|Any CPU.ActiveCfg = Debug|Any CPU
		{9CA63EC2-C733-46DA-B289-F965D979221C}.Debug|Any CPU.Build.0 = Debug|Any CPU
		{9CA63EC2-C733-46DA-B289-F965D979221C}.Debug|x64.ActiveCfg = Debug|Any CPU
		{9CA63EC2-C733-46DA-B289-F965D979221C}.Debug|x64.Build.0 = Debug|Any CPU
		{9CA63EC2-C733-46DA-B289-F965D979221C}.Debug|x86.ActiveCfg = Debug|Any CPU
		{9CA63EC2-C733-46DA-B289-F965D979221C}.Debug|x86.Build.0 = Debug|Any CPU
		{9CA63EC2-C733-46DA-B289-F965D979221C}.Release|Any CPU.ActiveCfg = Release|Any CPU
		{9CA63EC2-C733-46DA-B289-F965D979221C}.Release|Any CPU.Build.0 = Release|Any CPU
		{9CA63EC2-C733-46DA-B289-F965D979221C}.Release|x64.ActiveCfg = Release|Any CPU
		{9CA63EC2-C733-46DA-B289-F965D979221C}.Release|x64.Build.0 = Release|Any CPU
		{9CA63EC2-C733-46DA-B289-F965D979221C}.Release|x86.ActiveCfg = Release|Any CPU
		{9CA63EC2-C733-46DA-B289-F965D979221C}.Release|x86.Build.0 = Release|Any CPU
		{B4A0D992-A795-496D-AB80-EB2E961C2640}.Debug|Any CPU.ActiveCfg = Debug|Any CPU
		{B4A0D992-A795-496D-AB80-EB2E961C2640}.Debug|Any CPU.Build.0 = Debug|Any CPU
		{B4A0D992-A795-496D-AB80-EB2E961C2640}.Debug|x64.ActiveCfg = Debug|Any CPU
		{B4A0D992-A795-496D-AB80-EB2E961C2640}.Debug|x64.Build.0 = Debug|Any CPU
		{B4A0D992-A795-496D-AB80-EB2E961C2640}.Debug|x86.ActiveCfg = Debug|Any CPU
		{B4A0D992-A795-496D-AB80-EB2E961C2640}.Debug|x86.Build.0 = Debug|Any CPU
		{B4A0D992-A795-496D-AB80-EB2E961C2640}.Release|Any CPU.ActiveCfg = Release|Any CPU
		{B4A0D992-A795-496D-AB80-EB2E961C2640}.Release|Any CPU.Build.0 = Release|Any CPU
		{B4A0D992-A795-496D-AB80-EB2E961C2640}.Release|x64.ActiveCfg = Release|Any CPU
		{B4A0D992-A795-496D-AB80-EB2E961C2640}.Release|x64.Build.0 = Release|Any CPU
		{B4A0D992-A795-496D-AB80-EB2E961C2640}.Release|x86.ActiveCfg = Release|Any CPU
		{B4A0D992-A795-496D-AB80-EB2E961C2640}.Release|x86.Build.0 = Release|Any CPU
		{C7805545-978B-4994-A00C-3906834504E4}.Debug|Any CPU.ActiveCfg = Debug|Any CPU
		{C7805545-978B-4994-A00C-3906834504E4}.Debug|Any CPU.Build.0 = Debug|Any CPU
		{C7805545-978B-4994-A00C-3906834504E4}.Debug|x64.ActiveCfg = Debug|Any CPU
		{C7805545-978B-4994-A00C-3906834504E4}.Debug|x64.Build.0 = Debug|Any CPU
		{C7805545-978B-4994-A00C-3906834504E4}.Debug|x86.ActiveCfg = Debug|Any CPU
		{C7805545-978B-4994-A00C-3906834504E4}.Debug|x86.Build.0 = Debug|Any CPU
		{C7805545-978B-4994-A00C-3906834504E4}.Release|Any CPU.ActiveCfg = Release|Any CPU
		{C7805545-978B-4994-A00C-3906834504E4}.Release|Any CPU.Build.0 = Release|Any CPU
		{C7805545-978B-4994-A00C-3906834504E4}.Release|x64.ActiveCfg = Release|Any CPU
		{C7805545-978B-4994-A00C-3906834504E4}.Release|x64.Build.0 = Release|Any CPU
		{C7805545-978B-4994-A00C-3906834504E4}.Release|x86.ActiveCfg = Release|Any CPU
		{C7805545-978B-4994-A00C-3906834504E4}.Release|x86.Build.0 = Release|Any CPU
		{598E350B-E528-4FEB-A752-EBC58F9641C5}.Debug|Any CPU.ActiveCfg = Debug|Any CPU
		{598E350B-E528-4FEB-A752-EBC58F9641C5}.Debug|Any CPU.Build.0 = Debug|Any CPU
		{598E350B-E528-4FEB-A752-EBC58F9641C5}.Debug|x64.ActiveCfg = Debug|Any CPU
		{598E350B-E528-4FEB-A752-EBC58F9641C5}.Debug|x64.Build.0 = Debug|Any CPU
		{598E350B-E528-4FEB-A752-EBC58F9641C5}.Debug|x86.ActiveCfg = Debug|Any CPU
		{598E350B-E528-4FEB-A752-EBC58F9641C5}.Debug|x86.Build.0 = Debug|Any CPU
		{598E350B-E528-4FEB-A752-EBC58F9641C5}.Release|Any CPU.ActiveCfg = Release|Any CPU
		{598E350B-E528-4FEB-A752-EBC58F9641C5}.Release|Any CPU.Build.0 = Release|Any CPU
		{598E350B-E528-4FEB-A752-EBC58F9641C5}.Release|x64.ActiveCfg = Release|Any CPU
		{598E350B-E528-4FEB-A752-EBC58F9641C5}.Release|x64.Build.0 = Release|Any CPU
		{598E350B-E528-4FEB-A752-EBC58F9641C5}.Release|x86.ActiveCfg = Release|Any CPU
		{598E350B-E528-4FEB-A752-EBC58F9641C5}.Release|x86.Build.0 = Release|Any CPU
		{B7C4A218-097F-4E50-888F-1AE3B137248D}.Debug|Any CPU.ActiveCfg = Debug|Any CPU
		{B7C4A218-097F-4E50-888F-1AE3B137248D}.Debug|Any CPU.Build.0 = Debug|Any CPU
		{B7C4A218-097F-4E50-888F-1AE3B137248D}.Debug|x64.ActiveCfg = Debug|Any CPU
		{B7C4A218-097F-4E50-888F-1AE3B137248D}.Debug|x64.Build.0 = Debug|Any CPU
		{B7C4A218-097F-4E50-888F-1AE3B137248D}.Debug|x86.ActiveCfg = Debug|Any CPU
		{B7C4A218-097F-4E50-888F-1AE3B137248D}.Debug|x86.Build.0 = Debug|Any CPU
		{B7C4A218-097F-4E50-888F-1AE3B137248D}.Release|Any CPU.ActiveCfg = Release|Any CPU
		{B7C4A218-097F-4E50-888F-1AE3B137248D}.Release|Any CPU.Build.0 = Release|Any CPU
		{B7C4A218-097F-4E50-888F-1AE3B137248D}.Release|x64.ActiveCfg = Release|Any CPU
		{B7C4A218-097F-4E50-888F-1AE3B137248D}.Release|x64.Build.0 = Release|Any CPU
		{B7C4A218-097F-4E50-888F-1AE3B137248D}.Release|x86.ActiveCfg = Release|Any CPU
		{B7C4A218-097F-4E50-888F-1AE3B137248D}.Release|x86.Build.0 = Release|Any CPU
	EndGlobalSection
	GlobalSection(SolutionProperties) = preSolution
		HideSolutionNode = FALSE
	EndGlobalSection
	GlobalSection(NestedProjects) = preSolution
		{92528385-E99B-41CC-869D-7813DB023644} = {4AC731D9-CAC4-4CEE-BAF2-1DDFB0D31722}
		{626CB0F2-6C75-4BA7-ADB6-3EE97C20042D} = {887EB550-8CB3-4F2E-8DAD-7EC2BF239625}
		{BA766258-863E-46A0-8B8E-FA2590ED92DD} = {A78B38E2-2332-4B9E-BE73-6CF4A85EC857}
		{9CA63EC2-C733-46DA-B289-F965D979221C} = {A78B38E2-2332-4B9E-BE73-6CF4A85EC857}
		{B4A0D992-A795-496D-AB80-EB2E961C2640} = {A78B38E2-2332-4B9E-BE73-6CF4A85EC857}
		{C7805545-978B-4994-A00C-3906834504E4} = {5EE46100-CDE9-40FD-B8F0-A2B137D03929}
		{598E350B-E528-4FEB-A752-EBC58F9641C5} = {5EE46100-CDE9-40FD-B8F0-A2B137D03929}
		{B7C4A218-097F-4E50-888F-1AE3B137248D} = {5EE46100-CDE9-40FD-B8F0-A2B137D03929}
	EndGlobalSection
	GlobalSection(ExtensibilityGlobals) = postSolution
		SolutionGuid = {49E6E46A-742A-48CD-A012-EE035303579E}
	EndGlobalSection
EndGlobal
